
Microsoft Visual Studio Solution File, Format Version 12.00
# Visual Studio 15
VisualStudioVersion = 15.0.26323.1
MinimumVisualStudioVersion = 10.0.40219.1
Project("{FAE04EC0-301F-11D3-BF4B-00C04F79EFBC}") = "WebApplication5", "WebApplication5\WebApplication5.csproj", "{491CB590-6D3B-4568-99D6-2608DA2E3319}"
EndProject
Project("{FAE04EC0-301F-11D3-BF4B-00C04F79EFBC}") = "WebApplication5.Tests", "WebApplication5.Tests\WebApplication5.Tests.csproj", "{0EEA62DF-B893-454D-A275-0753C36A6569}"
EndProject
Global
	GlobalSection(SolutionConfigurationPlatforms) = preSolution
		Debug|Any CPU = Debug|Any CPU
		Release|Any CPU = Release|Any CPU
	EndGlobalSection
	GlobalSection(ProjectConfigurationPlatforms) = postSolution
		{491CB590-6D3B-4568-99D6-2608DA2E3319}.Debug|Any CPU.ActiveCfg = Debug|Any CPU
		{491CB590-6D3B-4568-99D6-2608DA2E3319}.Debug|Any CPU.Build.0 = Debug|Any CPU
		{491CB590-6D3B-4568-99D6-2608DA2E3319}.Release|Any CPU.ActiveCfg = Release|Any CPU
		{491CB590-6D3B-4568-99D6-2608DA2E3319}.Release|Any CPU.Build.0 = Release|Any CPU
		{0EEA62DF-B893-454D-A275-0753C36A6569}.Debug|Any CPU.ActiveCfg = Debug|Any CPU
		{0EEA62DF-B893-454D-A275-0753C36A6569}.Debug|Any CPU.Build.0 = Debug|Any CPU
		{0EEA62DF-B893-454D-A275-0753C36A6569}.Release|Any CPU.ActiveCfg = Release|Any CPU
		{0EEA62DF-B893-454D-A275-0753C36A6569}.Release|Any CPU.Build.0 = Release|Any CPU
	EndGlobalSection
	GlobalSection(SolutionProperties) = preSolution
		HideSolutionNode = FALSE
	EndGlobalSection
EndGlobal
